PODS:
  - DAProgressOverlayView (1.0.2)
  - JSQSystemSoundPlayer (1.4.0)

DEPENDENCIES:
  - DAProgressOverlayView (~> 1.0)
  - JSQSystemSoundPlayer

SPEC CHECKSUMS:
  DAProgressOverlayView: abfd16f70476496e34176eeb94b139fc5e6d5f6b
  JSQSystemSoundPlayer: 28ccd01a92a0cebc6de6361e8499011b4cb6dab7

COCOAPODS: 0.29.0
