PODS:
  - DAProgressOverlayView (1.0.2)
  - JSQSystemSoundPlayer (1.4.0)

DEPENDENCIES:
  - DAProgressOverlayView (~> 1.0)
  - JSQSystemSoundPlayer

SPEC CHECKSUMS:
  DAProgressOverlayView: 66f743e4bbbb0b5fe241670b9156d948cc228fc1
  JSQSystemSoundPlayer: 2b70470d775d79e666ac58068744cac92268f95f

COCOAPODS: 0.32.1
